
Microsoft Visual Studio Solution File, Format Version 12.00
# Visual Studio Version 16
VisualStudioVersion = 16.0.31129.286
MinimumVisualStudioVersion = 10.0.40219.1
Project("{FAE04EC0-301F-11D3-BF4B-00C04F79EFBC}") = "try_git3", "try_git3\try_git3.csproj", "{221024B3-7988-4396-A67F-D5B8EE096F21}"
EndProject
Global
	GlobalSection(SolutionConfigurationPlatforms) = preSolution
		Debug|Any CPU = Debug|Any CPU
		Release|Any CPU = Release|Any CPU
	EndGlobalSection
	GlobalSection(ProjectConfigurationPlatforms) = postSolution
		{221024B3-7988-4396-A67F-D5B8EE096F21}.Debug|Any CPU.ActiveCfg = Debug|Any CPU
		{221024B3-7988-4396-A67F-D5B8EE096F21}.Debug|Any CPU.Build.0 = Debug|Any CPU
		{221024B3-7988-4396-A67F-D5B8EE096F21}.Release|Any CPU.ActiveCfg = Release|Any CPU
		{221024B3-7988-4396-A67F-D5B8EE096F21}.Release|Any CPU.Build.0 = Release|Any CPU
	EndGlobalSection
	GlobalSection(SolutionProperties) = preSolution
		HideSolutionNode = FALSE
	EndGlobalSection
	GlobalSection(ExtensibilityGlobals) = postSolution
		SolutionGuid = {8E4B69EE-4BE7-4D8B-B42C-47225007BF08}
	EndGlobalSection
EndGlobal
